
Microsoft Visual Studio Solution File, Format Version 12.00
# Visual Studio Version 16
VisualStudioVersion = 16.0.32002.261
MinimumVisualStudioVersion = 10.0.40219.1
Project("{9A19103F-16F7-4668-BE54-9A1E7A4F7556}") = "Thanh_An_Group", "Thanh_An_Group\Thanh_An_Group.csproj", "{F2872C5D-0DF2-42F3-A058-5CB53A72165F}"
	ProjectSection(ProjectDependencies) = postProject
		{93461452-50DA-4865-A6A1-0B07601AD887} = {93461452-50DA-4865-A6A1-0B07601AD887}
		{8E0586CC-4F30-4245-BA28-B28C2EF584C6} = {8E0586CC-4F30-4245-BA28-B28C2EF584C6}
	EndProjectSection
EndProject
Project("{9A19103F-16F7-4668-BE54-9A1E7A4F7556}") = "ThanhAn_group.BLL", "ThanhAn_group.DLL\ThanhAn_group.BLL.csproj", "{93461452-50DA-4865-A6A1-0B07601AD887}"
	ProjectSection(ProjectDependencies) = postProject
		{8E0586CC-4F30-4245-BA28-B28C2EF584C6} = {8E0586CC-4F30-4245-BA28-B28C2EF584C6}
	EndProjectSection
EndProject
Project("{FAE04EC0-301F-11D3-BF4B-00C04F79EFBC}") = "ThanhAn_Group.DAL", "ThanhAn_Group.DAL\ThanhAn_Group.DAL.csproj", "{8E0586CC-4F30-4245-BA28-B28C2EF584C6}"
EndProject
Global
	GlobalSection(SolutionConfigurationPlatforms) = preSolution
		Debug|Any CPU = Debug|Any CPU
		Release|Any CPU = Release|Any CPU
	EndGlobalSection
	GlobalSection(ProjectConfigurationPlatforms) = postSolution
		{F2872C5D-0DF2-42F3-A058-5CB53A72165F}.Debug|Any CPU.ActiveCfg = Debug|Any CPU
		{F2872C5D-0DF2-42F3-A058-5CB53A72165F}.Debug|Any CPU.Build.0 = Debug|Any CPU
		{F2872C5D-0DF2-42F3-A058-5CB53A72165F}.Release|Any CPU.ActiveCfg = Release|Any CPU
		{F2872C5D-0DF2-42F3-A058-5CB53A72165F}.Release|Any CPU.Build.0 = Release|Any CPU
		{93461452-50DA-4865-A6A1-0B07601AD887}.Debug|Any CPU.ActiveCfg = Debug|Any CPU
		{93461452-50DA-4865-A6A1-0B07601AD887}.Debug|Any CPU.Build.0 = Debug|Any CPU
		{93461452-50DA-4865-A6A1-0B07601AD887}.Release|Any CPU.ActiveCfg = Release|Any CPU
		{93461452-50DA-4865-A6A1-0B07601AD887}.Release|Any CPU.Build.0 = Release|Any CPU
		{8E0586CC-4F30-4245-BA28-B28C2EF584C6}.Debug|Any CPU.ActiveCfg = Debug|Any CPU
		{8E0586CC-4F30-4245-BA28-B28C2EF584C6}.Debug|Any CPU.Build.0 = Debug|Any CPU
		{8E0586CC-4F30-4245-BA28-B28C2EF584C6}.Release|Any CPU.ActiveCfg = Release|Any CPU
		{8E0586CC-4F30-4245-BA28-B28C2EF584C6}.Release|Any CPU.Build.0 = Release|Any CPU
	EndGlobalSection
	GlobalSection(SolutionProperties) = preSolution
		HideSolutionNode = FALSE
	EndGlobalSection
	GlobalSection(ExtensibilityGlobals) = postSolution
		SolutionGuid = {0977F903-E03C-4741-8D3C-64043BEF451D}
	EndGlobalSection
EndGlobal
